schema: '2.0'
stages:
  clean_data:
    cmd: python email_ai_backend/src/data_cleaning.py
    deps:
    - path: email_ai_backend/data/processed
      hash: md5
      md5: 64378af0edc90ab8b6b06cf67ed362a8.dir
      size: 73589678
      nfiles: 2
    - path: email_ai_backend/src/data_cleaning.py
      hash: md5
      md5: 24db2d4d2c407cf6453855484f66c5cf
      size: 822
    outs:
    - path: email_ai_backend/data/processed_clean
      hash: md5
      md5: 9860cda06be69aeb0fab65dc75c35b26.dir
      size: 73595731
      nfiles: 2
